// !$*UTF8*$!
{
	archiveVersion = 1;
	classes = {
	};
	objectVersion = 46;
	objects = {

/* Begin PBXBuildFile section */
		E4B460A618FA406400695C22 /* Board.m in Sources */ = {isa = PBXBuildFile; fileRef = E4B460A518FA406400695C22 /* Board.m */; };
		E4F0D05518F9BFB00003E097 /* Foundation.framework in Frameworks */ = {isa = PBXBuildFile; fileRef = E4F0D05418F9BFB00003E097 /* Foundation.framework */; };
		E4F0D05718F9BFB00003E097 /* CoreGraphics.framework in Frameworks */ = {isa = PBXBuildFile; fileRef = E4F0D05618F9BFB00003E097 /* CoreGraphics.framework */; };
		E4F0D05918F9BFB00003E097 /* UIKit.framework in Frameworks */ = {isa = PBXBuildFile; fileRef = E4F0D05818F9BFB00003E097 /* UIKit.framework */; };
		E4F0D05F18F9BFB00003E097 /* InfoPlist.strings in Resources */ = {isa = PBXBuildFile; fileRef = E4F0D05D18F9BFB00003E097 /* InfoPlist.strings */; };
		E4F0D06118F9BFB00003E097 /* main.m in Sources */ = {isa = PBXBuildFile; fileRef = E4F0D06018F9BFB00003E097 /* main.m */; };
		E4F0D06518F9BFB00003E097 /* AppDelegate.m in Sources */ = {isa = PBXBuildFile; fileRef = E4F0D06418F9BFB00003E097 /* AppDelegate.m */; };
		E4F0D07018F9BFB10003E097 /* Images.xcassets in Resources */ = {isa = PBXBuildFile; fileRef = E4F0D06F18F9BFB10003E097 /* Images.xcassets */; };
		E4F0D07718F9BFB10003E097 /* XCTest.framework in Frameworks */ = {isa = PBXBuildFile; fileRef = E4F0D07618F9BFB10003E097 /* XCTest.framework */; };
		E4F0D07818F9BFB10003E097 /* Foundation.framework in Frameworks */ = {isa = PBXBuildFile; fileRef = E4F0D05418F9BFB00003E097 /* Foundation.framework */; };
		E4F0D07918F9BFB10003E097 /* UIKit.framework in Frameworks */ = {isa = PBXBuildFile; fileRef = E4F0D05818F9BFB00003E097 /* UIKit.framework */; };
		E4F0D08118F9BFB10003E097 /* InfoPlist.strings in Resources */ = {isa = PBXBuildFile; fileRef = E4F0D07F18F9BFB10003E097 /* InfoPlist.strings */; };
		E4F0D08318F9BFB10003E097 /* Assignment7Tests.m in Sources */ = {isa = PBXBuildFile; fileRef = E4F0D08218F9BFB10003E097 /* Assignment7Tests.m */; };
		E4F0D08E18F9C42A0003E097 /* NSData+Base64.m in Sources */ = {isa = PBXBuildFile; fileRef = E4F0D08D18F9C42A0003E097 /* NSData+Base64.m */; };
		E4F0D09118F9C4830003E097 /* GameStore.m in Sources */ = {isa = PBXBuildFile; fileRef = E4F0D09018F9C4830003E097 /* GameStore.m */; };
		E4F0D09418F9C4C20003E097 /* Game.m in Sources */ = {isa = PBXBuildFile; fileRef = E4F0D09318F9C4C20003E097 /* Game.m */; };
		E4F0D09718F9C4E20003E097 /* User.m in Sources */ = {isa = PBXBuildFile; fileRef = E4F0D09618F9C4E20003E097 /* User.m */; };
		E4F0D09B18F9CC0A0003E097 /* LoginViewController.m in Sources */ = {isa = PBXBuildFile; fileRef = E4F0D09918F9CC0A0003E097 /* LoginViewController.m */; };
		E4F0D09C18F9CC0A0003E097 /* LoginViewController.xib in Resources */ = {isa = PBXBuildFile; fileRef = E4F0D09A18F9CC0A0003E097 /* LoginViewController.xib */; };
		E4F0D0A018F9D0B60003E097 /* MainViewController.m in Sources */ = {isa = PBXBuildFile; fileRef = E4F0D09E18F9D0B60003E097 /* MainViewController.m */; };
		E4F0D0A118F9D0B60003E097 /* MainViewController.xib in Resources */ = {isa = PBXBuildFile; fileRef = E4F0D09F18F9D0B60003E097 /* MainViewController.xib */; };
		E4F0D0A818F9D1260003E097 /* GameCardViewController.m in Sources */ = {isa = PBXBuildFile; fileRef = E4F0D0A318F9D1260003E097 /* GameCardViewController.m */; };
		E4F0D0A918F9D1260003E097 /* GameCardViewController.xib in Resources */ = {isa = PBXBuildFile; fileRef = E4F0D0A418F9D1260003E097 /* GameCardViewController.xib */; };
		E4F0D0AA18F9D1260003E097 /* GameDetailViewController.m in Sources */ = {isa = PBXBuildFile; fileRef = E4F0D0A618F9D1260003E097 /* GameDetailViewController.m */; };
		E4F0D0AB18F9D1260003E097 /* GameDetailViewController.xib in Resources */ = {isa = PBXBuildFile; fileRef = E4F0D0A718F9D1260003E097 /* GameDetailViewController.xib */; };
/* End PBXBuildFile section */

/* Begin PBXContainerItemProxy section */
		E4F0D07A18F9BFB10003E097 /* PBXContainerItemProxy */ = {
			isa = PBXContainerItemProxy;
			containerPortal = E4F0D04918F9BFB00003E097 /* Project object */;
			proxyType = 1;
			remoteGlobalIDString = E4F0D05018F9BFB00003E097;
			remoteInfo = Assignment7;
		};
/* End PBXContainerItemProxy section */

/* Begin PBXFileReference section */
		E4B460A418FA406400695C22 /* Board.h */ = {isa = PBXFileReference; fileEncoding = 4; lastKnownFileType = sourcecode.c.h; path = Board.h; sourceTree = "<group>"; };
		E4B460A518FA406400695C22 /* Board.m */ = {isa = PBXFileReference; fileEncoding = 4; lastKnownFileType = sourcecode.c.objc; path = Board.m; sourceTree = "<group>"; };
		E4F0D05118F9BFB00003E097 /* Assignment7.app */ = {isa = PBXFileReference; explicitFileType = wrapper.application; includeInIndex = 0; path = Assignment7.app; sourceTree = BUILT_PRODUCTS_DIR; };
		E4F0D05418F9BFB00003E097 /* Foundation.framework */ = {isa = PBXFileReference; lastKnownFileType = wrapper.framework; name = Foundation.framework; path = System/Library/Frameworks/Foundation.framework; sourceTree = SDKROOT; };
		E4F0D05618F9BFB00003E097 /* CoreGraphics.framework */ = {isa = PBXFileReference; lastKnownFileType = wrapper.framework; name = CoreGraphics.framework; path = System/Library/Frameworks/CoreGraphics.framework; sourceTree = SDKROOT; };
		E4F0D05818F9BFB00003E097 /* UIKit.framework */ = {isa = PBXFileReference; lastKnownFileType = wrapper.framework; name = UIKit.framework; path = System/Library/Frameworks/UIKit.framework; sourceTree = SDKROOT; };
		E4F0D05C18F9BFB00003E097 /* Assignment7-Info.plist */ = {isa = PBXFileReference; lastKnownFileType = text.plist.xml; path = "Assignment7-Info.plist"; sourceTree = "<group>"; };
		E4F0D05E18F9BFB00003E097 /* en */ = {isa = PBXFileReference; lastKnownFileType = text.plist.strings; name = en; path = en.lproj/InfoPlist.strings; sourceTree = "<group>"; };
		E4F0D06018F9BFB00003E097 /* main.m */ = {isa = PBXFileReference; lastKnownFileType = sourcecode.c.objc; path = main.m; sourceTree = "<group>"; };
		E4F0D06218F9BFB00003E097 /* Assignment7-Prefix.pch */ = {isa = PBXFileReference; lastKnownFileType = sourcecode.c.h; path = "Assignment7-Prefix.pch"; sourceTree = "<group>"; };
		E4F0D06318F9BFB00003E097 /* AppDelegate.h */ = {isa = PBXFileReference; lastKnownFileType = sourcecode.c.h; path = AppDelegate.h; sourceTree = "<group>"; };
		E4F0D06418F9BFB00003E097 /* AppDelegate.m */ = {isa = PBXFileReference; lastKnownFileType = sourcecode.c.objc; path = AppDelegate.m; sourceTree = "<group>"; };
		E4F0D06F18F9BFB10003E097 /* Images.xcassets */ = {isa = PBXFileReference; lastKnownFileType = folder.assetcatalog; path = Images.xcassets; sourceTree = "<group>"; };
		E4F0D07518F9BFB10003E097 /* Assignment7Tests.xctest */ = {isa = PBXFileReference; explicitFileType = wrapper.cfbundle; includeInIndex = 0; path = Assignment7Tests.xctest; sourceTree = BUILT_PRODUCTS_DIR; };
		E4F0D07618F9BFB10003E097 /* XCTest.framework */ = {isa = PBXFileReference; lastKnownFileType = wrapper.framework; name = XCTest.framework; path = Library/Frameworks/XCTest.framework; sourceTree = DEVELOPER_DIR; };
		E4F0D07E18F9BFB10003E097 /* Assignment7Tests-Info.plist */ = {isa = PBXFileReference; lastKnownFileType = text.plist.xml; path = "Assignment7Tests-Info.plist"; sourceTree = "<group>"; };
		E4F0D08018F9BFB10003E097 /* en */ = {isa = PBXFileReference; lastKnownFileType = text.plist.strings; name = en; path = en.lproj/InfoPlist.strings; sourceTree = "<group>"; };
		E4F0D08218F9BFB10003E097 /* Assignment7Tests.m */ = {isa = PBXFileReference; lastKnownFileType = sourcecode.c.objc; path = Assignment7Tests.m; sourceTree = "<group>"; };
		E4F0D08C18F9C42A0003E097 /* NSData+Base64.h */ = {isa = PBXFileReference; fileEncoding = 4; lastKnownFileType = sourcecode.c.h; path = "NSData+Base64.h"; sourceTree = "<group>"; };
		E4F0D08D18F9C42A0003E097 /* NSData+Base64.m */ = {isa = PBXFileReference; fileEncoding = 4; lastKnownFileType = sourcecode.c.objc; path = "NSData+Base64.m"; sourceTree = "<group>"; };
		E4F0D08F18F9C4830003E097 /* GameStore.h */ = {isa = PBXFileReference; fileEncoding = 4; lastKnownFileType = sourcecode.c.h; path = GameStore.h; sourceTree = "<group>"; };
		E4F0D09018F9C4830003E097 /* GameStore.m */ = {isa = PBXFileReference; fileEncoding = 4; lastKnownFileType = sourcecode.c.objc; path = GameStore.m; sourceTree = "<group>"; };
		E4F0D09218F9C4C20003E097 /* Game.h */ = {isa = PBXFileReference; fileEncoding = 4; lastKnownFileType = sourcecode.c.h; path = Game.h; sourceTree = "<group>"; };
		E4F0D09318F9C4C20003E097 /* Game.m */ = {isa = PBXFileReference; fileEncoding = 4; lastKnownFileType = sourcecode.c.objc; path = Game.m; sourceTree = "<group>"; };
		E4F0D09518F9C4E20003E097 /* User.h */ = {isa = PBXFileReference; fileEncoding = 4; lastKnownFileType = sourcecode.c.h; path = User.h; sourceTree = "<group>"; };
		E4F0D09618F9C4E20003E097 /* User.m */ = {isa = PBXFileReference; fileEncoding = 4; lastKnownFileType = sourcecode.c.objc; path = User.m; sourceTree = "<group>"; };
		E4F0D09818F9CC0A0003E097 /* LoginViewController.h */ = {isa = PBXFileReference; fileEncoding = 4; lastKnownFileType = sourcecode.c.h; path = LoginViewController.h; sourceTree = "<group>"; };
		E4F0D09918F9CC0A0003E097 /* LoginViewController.m */ = {isa = PBXFileReference; fileEncoding = 4; lastKnownFileType = sourcecode.c.objc; path = LoginViewController.m; sourceTree = "<group>"; };
		E4F0D09A18F9CC0A0003E097 /* LoginViewController.xib */ = {isa = PBXFileReference; fileEncoding = 4; lastKnownFileType = file.xib; path = LoginViewController.xib; sourceTree = "<group>"; };
		E4F0D09D18F9D0B60003E097 /* MainViewController.h */ = {isa = PBXFileReference; fileEncoding = 4; lastKnownFileType = sourcecode.c.h; path = MainViewController.h; sourceTree = "<group>"; };
		E4F0D09E18F9D0B60003E097 /* MainViewController.m */ = {isa = PBXFileReference; fileEncoding = 4; lastKnownFileType = sourcecode.c.objc; path = MainViewController.m; sourceTree = "<group>"; };
		E4F0D09F18F9D0B60003E097 /* MainViewController.xib */ = {isa = PBXFileReference; fileEncoding = 4; lastKnownFileType = file.xib; path = MainViewController.xib; sourceTree = "<group>"; };
		E4F0D0A218F9D1260003E097 /* GameCardViewController.h */ = {isa = PBXFileReference; fileEncoding = 4; lastKnownFileType = sourcecode.c.h; path = GameCardViewController.h; sourceTree = "<group>"; };
		E4F0D0A318F9D1260003E097 /* GameCardViewController.m */ = {isa = PBXFileReference; fileEncoding = 4; lastKnownFileType = sourcecode.c.objc; path = GameCardViewController.m; sourceTree = "<group>"; };
		E4F0D0A418F9D1260003E097 /* GameCardViewController.xib */ = {isa = PBXFileReference; fileEncoding = 4; lastKnownFileType = file.xib; path = GameCardViewController.xib; sourceTree = "<group>"; };
		E4F0D0A518F9D1260003E097 /* GameDetailViewController.h */ = {isa = PBXFileReference; fileEncoding = 4; lastKnownFileType = sourcecode.c.h; path = GameDetailViewController.h; sourceTree = "<group>"; };
		E4F0D0A618F9D1260003E097 /* GameDetailViewController.m */ = {isa = PBXFileReference; fileEncoding = 4; lastKnownFileType = sourcecode.c.objc; path = GameDetailViewController.m; sourceTree = "<group>"; };
		E4F0D0A718F9D1260003E097 /* GameDetailViewController.xib */ = {isa = PBXFileReference; fileEncoding = 4; lastKnownFileType = file.xib; path = GameDetailViewController.xib; sourceTree = "<group>"; };
/* End PBXFileReference section */

/* Begin PBXFrameworksBuildPhase section */
		E4F0D04E18F9BFB00003E097 /* Frameworks */ = {
			isa = PBXFrameworksBuildPhase;
			buildActionMask = 2147483647;
			files = (
				E4F0D05718F9BFB00003E097 /* CoreGraphics.framework in Frameworks */,
				E4F0D05918F9BFB00003E097 /* UIKit.framework in Frameworks */,
				E4F0D05518F9BFB00003E097 /* Foundation.framework in Frameworks */,
			);
			runOnlyForDeploymentPostprocessing = 0;
		};
		E4F0D07218F9BFB10003E097 /* Frameworks */ = {
			isa = PBXFrameworksBuildPhase;
			buildActionMask = 2147483647;
			files = (
				E4F0D07718F9BFB10003E097 /* XCTest.framework in Frameworks */,
				E4F0D07918F9BFB10003E097 /* UIKit.framework in Frameworks */,
				E4F0D07818F9BFB10003E097 /* Foundation.framework in Frameworks */,
			);
			runOnlyForDeploymentPostprocessing = 0;
		};
/* End PBXFrameworksBuildPhase section */

/* Begin PBXGroup section */
		E4F0D04818F9BFB00003E097 = {
			isa = PBXGroup;
			children = (
				E4F0D05A18F9BFB00003E097 /* Assignment7 */,
				E4F0D07C18F9BFB10003E097 /* Assignment7Tests */,
				E4F0D05318F9BFB00003E097 /* Frameworks */,
				E4F0D05218F9BFB00003E097 /* Products */,
			);
			sourceTree = "<group>";
		};
		E4F0D05218F9BFB00003E097 /* Products */ = {
			isa = PBXGroup;
			children = (
				E4F0D05118F9BFB00003E097 /* Assignment7.app */,
				E4F0D07518F9BFB10003E097 /* Assignment7Tests.xctest */,
			);
			name = Products;
			sourceTree = "<group>";
		};
		E4F0D05318F9BFB00003E097 /* Frameworks */ = {
			isa = PBXGroup;
			children = (
				E4F0D05418F9BFB00003E097 /* Foundation.framework */,
				E4F0D05618F9BFB00003E097 /* CoreGraphics.framework */,
				E4F0D05818F9BFB00003E097 /* UIKit.framework */,
				E4F0D07618F9BFB10003E097 /* XCTest.framework */,
			);
			name = Frameworks;
			sourceTree = "<group>";
		};
		E4F0D05A18F9BFB00003E097 /* Assignment7 */ = {
			isa = PBXGroup;
			children = (
				E4B460A418FA406400695C22 /* Board.h */,
				E4B460A518FA406400695C22 /* Board.m */,
				E4F0D0A218F9D1260003E097 /* GameCardViewController.h */,
				E4F0D0A318F9D1260003E097 /* GameCardViewController.m */,
				E4F0D0A418F9D1260003E097 /* GameCardViewController.xib */,
				E4F0D0A518F9D1260003E097 /* GameDetailViewController.h */,
				E4F0D0A618F9D1260003E097 /* GameDetailViewController.m */,
				E4F0D0A718F9D1260003E097 /* GameDetailViewController.xib */,
				E4F0D09D18F9D0B60003E097 /* MainViewController.h */,
				E4F0D09E18F9D0B60003E097 /* MainViewController.m */,
				E4F0D09F18F9D0B60003E097 /* MainViewController.xib */,
				E4F0D09818F9CC0A0003E097 /* LoginViewController.h */,
				E4F0D09918F9CC0A0003E097 /* LoginViewController.m */,
				E4F0D09A18F9CC0A0003E097 /* LoginViewController.xib */,
				E4F0D09518F9C4E20003E097 /* User.h */,
				E4F0D09618F9C4E20003E097 /* User.m */,
				E4F0D09218F9C4C20003E097 /* Game.h */,
				E4F0D09318F9C4C20003E097 /* Game.m */,
				E4F0D08F18F9C4830003E097 /* GameStore.h */,
				E4F0D09018F9C4830003E097 /* GameStore.m */,
				E4F0D08C18F9C42A0003E097 /* NSData+Base64.h */,
				E4F0D08D18F9C42A0003E097 /* NSData+Base64.m */,
				E4F0D06318F9BFB00003E097 /* AppDelegate.h */,
				E4F0D06418F9BFB00003E097 /* AppDelegate.m */,
				E4F0D06F18F9BFB10003E097 /* Images.xcassets */,
				E4F0D05B18F9BFB00003E097 /* Supporting Files */,
			);
			path = Assignment7;
			sourceTree = "<group>";
		};
		E4F0D05B18F9BFB00003E097 /* Supporting Files */ = {
			isa = PBXGroup;
			children = (
				E4F0D05C18F9BFB00003E097 /* Assignment7-Info.plist */,
				E4F0D05D18F9BFB00003E097 /* InfoPlist.strings */,
				E4F0D06018F9BFB00003E097 /* main.m */,
				E4F0D06218F9BFB00003E097 /* Assignment7-Prefix.pch */,
			);
			name = "Supporting Files";
			sourceTree = "<group>";
		};
		E4F0D07C18F9BFB10003E097 /* Assignment7Tests */ = {
			isa = PBXGroup;
			children = (
				E4F0D08218F9BFB10003E097 /* Assignment7Tests.m */,
				E4F0D07D18F9BFB10003E097 /* Supporting Files */,
			);
			path = Assignment7Tests;
			sourceTree = "<group>";
		};
		E4F0D07D18F9BFB10003E097 /* Supporting Files */ = {
			isa = PBXGroup;
			children = (
				E4F0D07E18F9BFB10003E097 /* Assignment7Tests-Info.plist */,
				E4F0D07F18F9BFB10003E097 /* InfoPlist.strings */,
			);
			name = "Supporting Files";
			sourceTree = "<group>";
		};
/* End PBXGroup section */

/* Begin PBXNativeTarget section */
		E4F0D05018F9BFB00003E097 /* Assignment7 */ = {
			isa = PBXNativeTarget;
			buildConfigurationList = E4F0D08618F9BFB10003E097 /* Build configuration list for PBXNativeTarget "Assignment7" */;
			buildPhases = (
				E4F0D04D18F9BFB00003E097 /* Sources */,
				E4F0D04E18F9BFB00003E097 /* Frameworks */,
				E4F0D04F18F9BFB00003E097 /* Resources */,
			);
			buildRules = (
			);
			dependencies = (
			);
			name = Assignment7;
			productName = Assignment7;
			productReference = E4F0D05118F9BFB00003E097 /* Assignment7.app */;
			productType = "com.apple.product-type.application";
		};
		E4F0D07418F9BFB10003E097 /* Assignment7Tests */ = {
			isa = PBXNativeTarget;
			buildConfigurationList = E4F0D08918F9BFB10003E097 /* Build configuration list for PBXNativeTarget "Assignment7Tests" */;
			buildPhases = (
				E4F0D07118F9BFB10003E097 /* Sources */,
				E4F0D07218F9BFB10003E097 /* Frameworks */,
				E4F0D07318F9BFB10003E097 /* Resources */,
			);
			buildRules = (
			);
			dependencies = (
				E4F0D07B18F9BFB10003E097 /* PBXTargetDependency */,
			);
			name = Assignment7Tests;
			productName = Assignment7Tests;
			productReference = E4F0D07518F9BFB10003E097 /* Assignment7Tests.xctest */;
			productType = "com.apple.product-type.bundle.unit-test";
		};
/* End PBXNativeTarget section */

/* Begin PBXProject section */
		E4F0D04918F9BFB00003E097 /* Project object */ = {
			isa = PBXProject;
			attributes = {
				LastUpgradeCheck = 0510;
				ORGANIZATIONNAME = "Ron Cavil";
				TargetAttributes = {
					E4F0D07418F9BFB10003E097 = {
						TestTargetID = E4F0D05018F9BFB00003E097;
					};
				};
			};
			buildConfigurationList = E4F0D04C18F9BFB00003E097 /* Build configuration list for PBXProject "Assignment7" */;
			compatibilityVersion = "Xcode 3.2";
			developmentRegion = English;
			hasScannedForEncodings = 0;
			knownRegions = (
				en,
				Base,
			);
			mainGroup = E4F0D04818F9BFB00003E097;
			productRefGroup = E4F0D05218F9BFB00003E097 /* Products */;
			projectDirPath = "";
			projectRoot = "";
			targets = (
				E4F0D05018F9BFB00003E097 /* Assignment7 */,
				E4F0D07418F9BFB10003E097 /* Assignment7Tests */,
			);
		};
/* End PBXProject section */

/* Begin PBXResourcesBuildPhase section */
		E4F0D04F18F9BFB00003E097 /* Resources */ = {
			isa = PBXResourcesBuildPhase;
			buildActionMask = 2147483647;
			files = (
				E4F0D09C18F9CC0A0003E097 /* LoginViewController.xib in Resources */,
				E4F0D07018F9BFB10003E097 /* Images.xcassets in Resources */,
				E4F0D0A918F9D1260003E097 /* GameCardViewController.xib in Resources */,
				E4F0D0AB18F9D1260003E097 /* GameDetailViewController.xib in Resources */,
				E4F0D0A118F9D0B60003E097 /* MainViewController.xib in Resources */,
				E4F0D05F18F9BFB00003E097 /* InfoPlist.strings in Resources */,
			);
			runOnlyForDeploymentPostprocessing = 0;
		};
		E4F0D07318F9BFB10003E097 /* Resources */ = {
			isa = PBXResourcesBuildPhase;
			buildActionMask = 2147483647;
			files = (
				E4F0D08118F9BFB10003E097 /* InfoPlist.strings in Resources */,
			);
			runOnlyForDeploymentPostprocessing = 0;
		};
/* End PBXResourcesBuildPhase section */

/* Begin PBXSourcesBuildPhase section */
		E4F0D04D18F9BFB00003E097 /* Sources */ = {
			isa = PBXSourcesBuildPhase;
			buildActionMask = 2147483647;
			files = (
				E4F0D09718F9C4E20003E097 /* User.m in Sources */,
				E4B460A618FA406400695C22 /* Board.m in Sources */,
				E4F0D06518F9BFB00003E097 /* AppDelegate.m in Sources */,
				E4F0D09118F9C4830003E097 /* GameStore.m in Sources */,
				E4F0D0A018F9D0B60003E097 /* MainViewController.m in Sources */,
				E4F0D08E18F9C42A0003E097 /* NSData+Base64.m in Sources */,
				E4F0D09B18F9CC0A0003E097 /* LoginViewController.m in Sources */,
				E4F0D06118F9BFB00003E097 /* main.m in Sources */,
				E4F0D09418F9C4C20003E097 /* Game.m in Sources */,
				E4F0D0AA18F9D1260003E097 /* GameDetailViewController.m in Sources */,
				E4F0D0A818F9D1260003E097 /* GameCardViewController.m in Sources */,
			);
			runOnlyForDeploymentPostprocessing = 0;
		};
		E4F0D07118F9BFB10003E097 /* Sources */ = {
			isa = PBXSourcesBuildPhase;
			buildActionMask = 2147483647;
			files = (
				E4F0D08318F9BFB10003E097 /* Assignment7Tests.m in Sources */,
			);
			runOnlyForDeploymentPostprocessing = 0;
		};
/* End PBXSourcesBuildPhase section */

/* Begin PBXTargetDependency section */
		E4F0D07B18F9BFB10003E097 /* PBXTargetDependency */ = {
			isa = PBXTargetDependency;
			target = E4F0D05018F9BFB00003E097 /* Assignment7 */;
			targetProxy = E4F0D07A18F9BFB10003E097 /* PBXContainerItemProxy */;
		};
/* End PBXTargetDependency section */

/* Begin PBXVariantGroup section */
		E4F0D05D18F9BFB00003E097 /* InfoPlist.strings */ = {
			isa = PBXVariantGroup;
			children = (
				E4F0D05E18F9BFB00003E097 /* en */,
			);
			name = InfoPlist.strings;
			sourceTree = "<group>";
		};
		E4F0D07F18F9BFB10003E097 /* InfoPlist.strings */ = {
			isa = PBXVariantGroup;
			children = (
				E4F0D08018F9BFB10003E097 /* en */,
			);
			name = InfoPlist.strings;
			sourceTree = "<group>";
		};
/* End PBXVariantGroup section */

/* Begin XCBuildConfiguration section */
		E4F0D08418F9BFB10003E097 /* Debug */ = {
			isa = XCBuildConfiguration;
			buildSettings = {
				ALWAYS_SEARCH_USER_PATHS = NO;
				CLANG_CXX_LANGUAGE_STANDARD = "gnu++0x";
				CLANG_CXX_LIBRARY = "libc++";
				CLANG_ENABLE_MODULES = YES;
				CLANG_ENABLE_OBJC_ARC = YES;
				CLANG_WARN_BOOL_CONVERSION = YES;
				CLANG_WARN_CONSTANT_CONVERSION = YES;
				CLANG_WARN_DIRECT_OBJC_ISA_USAGE = YES_ERROR;
				CLANG_WARN_EMPTY_BODY = YES;
				CLANG_WARN_ENUM_CONVERSION = YES;
				CLANG_WARN_INT_CONVERSION = YES;
				CLANG_WARN_OBJC_ROOT_CLASS = YES_ERROR;
				CLANG_WARN__DUPLICATE_METHOD_MATCH = YES;
				"CODE_SIGN_IDENTITY[sdk=iphoneos*]" = "iPhone Developer";
				COPY_PHASE_STRIP = NO;
				GCC_C_LANGUAGE_STANDARD = gnu99;
				GCC_DYNAMIC_NO_PIC = NO;
				GCC_OPTIMIZATION_LEVEL = 0;
				GCC_PREPROCESSOR_DEFINITIONS = (
					"DEBUG=1",
					"$(inherited)",
				);
				GCC_SYMBOLS_PRIVATE_EXTERN = NO;
				GCC_WARN_64_TO_32_BIT_CONVERSION = YES;
				GCC_WARN_ABOUT_RETURN_TYPE = YES_ERROR;
				GCC_WARN_UNDECLARED_SELECTOR = YES;
				GCC_WARN_UNINITIALIZED_AUTOS = YES_AGGRESSIVE;
				GCC_WARN_UNUSED_FUNCTION = YES;
				GCC_WARN_UNUSED_VARIABLE = YES;
				IPHONEOS_DEPLOYMENT_TARGET = 7.1;
				ONLY_ACTIVE_ARCH = YES;
				SDKROOT = iphoneos;
			};
			name = Debug;
		};
		E4F0D08518F9BFB10003E097 /* Release */ = {
			isa = XCBuildConfiguration;
			buildSettings = {
				ALWAYS_SEARCH_USER_PATHS = NO;
				CLANG_CXX_LANGUAGE_STANDARD = "gnu++0x";
				CLANG_CXX_LIBRARY = "libc++";
				CLANG_ENABLE_MODULES = YES;
				CLANG_ENABLE_OBJC_ARC = YES;
				CLANG_WARN_BOOL_CONVERSION = YES;
				CLANG_WARN_CONSTANT_CONVERSION = YES;
				CLANG_WARN_DIRECT_OBJC_ISA_USAGE = YES_ERROR;
				CLANG_WARN_EMPTY_BODY = YES;
				CLANG_WARN_ENUM_CONVERSION = YES;
				CLANG_WARN_INT_CONVERSION = YES;
				CLANG_WARN_OBJC_ROOT_CLASS = YES_ERROR;
				CLANG_WARN__DUPLICATE_METHOD_MATCH = YES;
				"CODE_SIGN_IDENTITY[sdk=iphoneos*]" = "iPhone Developer";
				COPY_PHASE_STRIP = YES;
				ENABLE_NS_ASSERTIONS = NO;
				GCC_C_LANGUAGE_STANDARD = gnu99;
				GCC_WARN_64_TO_32_BIT_CONVERSION = YES;
				GCC_WARN_ABOUT_RETURN_TYPE = YES_ERROR;
				GCC_WARN_UNDECLARED_SELECTOR = YES;
				GCC_WARN_UNINITIALIZED_AUTOS = YES_AGGRESSIVE;
				GCC_WARN_UNUSED_FUNCTION = YES;
				GCC_WARN_UNUSED_VARIABLE = YES;
				IPHONEOS_DEPLOYMENT_TARGET = 7.1;
				SDKROOT = iphoneos;
				VALIDATE_PRODUCT = YES;
			};
			name = Release;
		};
		E4F0D08718F9BFB10003E097 /* Debug */ = {
			isa = XCBuildConfiguration;
			buildSettings = {
				ASSETCATALOG_COMPILER_APPICON_NAME = AppIcon;
				ASSETCATALOG_COMPILER_LAUNCHIMAGE_NAME = LaunchImage;
				GCC_PRECOMPILE_PREFIX_HEADER = YES;
				GCC_PREFIX_HEADER = "Assignment7/Assignment7-Prefix.pch";
				INFOPLIST_FILE = "Assignment7/Assignment7-Info.plist";
				PRODUCT_NAME = "$(TARGET_NAME)";
				WRAPPER_EXTENSION = app;
			};
			name = Debug;
		};
		E4F0D08818F9BFB10003E097 /* Release */ = {
			isa = XCBuildConfiguration;
			buildSettings = {
				ASSETCATALOG_COMPILER_APPICON_NAME = AppIcon;
				ASSETCATALOG_COMPILER_LAUNCHIMAGE_NAME = LaunchImage;
				GCC_PRECOMPILE_PREFIX_HEADER = YES;
				GCC_PREFIX_HEADER = "Assignment7/Assignment7-Prefix.pch";
				INFOPLIST_FILE = "Assignment7/Assignment7-Info.plist";
				PRODUCT_NAME = "$(TARGET_NAME)";
				WRAPPER_EXTENSION = app;
			};
			name = Release;
		};
		E4F0D08A18F9BFB10003E097 /* Debug */ = {
			isa = XCBuildConfiguration;
			buildSettings = {
				BUNDLE_LOADER = "$(BUILT_PRODUCTS_DIR)/Assignment7.app/Assignment7";
				FRAMEWORK_SEARCH_PATHS = (
					"$(SDKROOT)/Developer/Library/Frameworks",
					"$(inherited)",
					"$(DEVELOPER_FRAMEWORKS_DIR)",
				);
				GCC_PRECOMPILE_PREFIX_HEADER = YES;
				GCC_PREFIX_HEADER = "Assignment7/Assignment7-Prefix.pch";
				GCC_PREPROCESSOR_DEFINITIONS = (
					"DEBUG=1",
					"$(inherited)",
				);
				INFOPLIST_FILE = "Assignment7Tests/Assignment7Tests-Info.plist";
				PRODUCT_NAME = "$(TARGET_NAME)";
				TEST_HOST = "$(BUNDLE_LOADER)";
				WRAPPER_EXTENSION = xctest;
			};
			name = Debug;
		};
		E4F0D08B18F9BFB10003E097 /* Release */ = {
			isa = XCBuildConfiguration;
			buildSettings = {
				BUNDLE_LOADER = "$(BUILT_PRODUCTS_DIR)/Assignment7.app/Assignment7";
				FRAMEWORK_SEARCH_PATHS = (
					"$(SDKROOT)/Developer/Library/Frameworks",
					"$(inherited)",
					"$(DEVELOPER_FRAMEWORKS_DIR)",
				);
				GCC_PRECOMPILE_PREFIX_HEADER = YES;
				GCC_PREFIX_HEADER = "Assignment7/Assignment7-Prefix.pch";
				INFOPLIST_FILE = "Assignment7Tests/Assignment7Tests-Info.plist";
				PRODUCT_NAME = "$(TARGET_NAME)";
				TEST_HOST = "$(BUNDLE_LOADER)";
				WRAPPER_EXTENSION = xctest;
			};
			name = Release;
		};
/* End XCBuildConfiguration section */

/* Begin XCConfigurationList section */
		E4F0D04C18F9BFB00003E097 /* Build configuration list for PBXProject "Assignment7" */ = {
			isa = XCConfigurationList;
			buildConfigurations = (
				E4F0D08418F9BFB10003E097 /* Debug */,
				E4F0D08518F9BFB10003E097 /* Release */,
			);
			defaultConfigurationIsVisible = 0;
			defaultConfigurationName = Release;
		};
		E4F0D08618F9BFB10003E097 /* Build configuration list for PBXNativeTarget "Assignment7" */ = {
			isa = XCConfigurationList;
			buildConfigurations = (
				E4F0D08718F9BFB10003E097 /* Debug */,
				E4F0D08818F9BFB10003E097 /* Release */,
			);
			defaultConfigurationIsVisible = 0;
			defaultConfigurationName = Release;
		};
		E4F0D08918F9BFB10003E097 /* Build configuration list for PBXNativeTarget "Assignment7Tests" */ = {
			isa = XCConfigurationList;
			buildConfigurations = (
				E4F0D08A18F9BFB10003E097 /* Debug */,
				E4F0D08B18F9BFB10003E097 /* Release */,
			);
			defaultConfigurationIsVisible = 0;
			defaultConfigurationName = Release;
		};
/* End XCConfigurationList section */
	};
	rootObject = E4F0D04918F9BFB00003E097 /* Project object */;
}
