// !$*UTF8*$!
{
	archiveVersion = 1;
	classes = {
	};
	objectVersion = 46;
	objects = {

/* Begin PBXBuildFile section */
		E4BB8E92188612CF00EBB684 /* Foundation.framework in Frameworks */ = {isa = PBXBuildFile; fileRef = E4BB8E91188612CF00EBB684 /* Foundation.framework */; };
		E4BB8E94188612CF00EBB684 /* CoreGraphics.framework in Frameworks */ = {isa = PBXBuildFile; fileRef = E4BB8E93188612CF00EBB684 /* CoreGraphics.framework */; };
		E4BB8E96188612CF00EBB684 /* UIKit.framework in Frameworks */ = {isa = PBXBuildFile; fileRef = E4BB8E95188612CF00EBB684 /* UIKit.framework */; };
		E4BB8E9C188612CF00EBB684 /* InfoPlist.strings in Resources */ = {isa = PBXBuildFile; fileRef = E4BB8E9A188612CF00EBB684 /* InfoPlist.strings */; };
		E4BB8E9E188612CF00EBB684 /* main.m in Sources */ = {isa = PBXBuildFile; fileRef = E4BB8E9D188612CF00EBB684 /* main.m */; };
		E4BB8EA2188612CF00EBB684 /* HelloWorldAppDelegate.m in Sources */ = {isa = PBXBuildFile; fileRef = E4BB8EA1188612CF00EBB684 /* HelloWorldAppDelegate.m */; };
		E4BB8EA5188612CF00EBB684 /* Main.storyboard in Resources */ = {isa = PBXBuildFile; fileRef = E4BB8EA3188612CF00EBB684 /* Main.storyboard */; };
		E4BB8EA8188612CF00EBB684 /* HelloWorldViewController.m in Sources */ = {isa = PBXBuildFile; fileRef = E4BB8EA7188612CF00EBB684 /* HelloWorldViewController.m */; };
		E4BB8EAA188612CF00EBB684 /* Images.xcassets in Resources */ = {isa = PBXBuildFile; fileRef = E4BB8EA9188612CF00EBB684 /* Images.xcassets */; };
		E4BB8EB1188612CF00EBB684 /* XCTest.framework in Frameworks */ = {isa = PBXBuildFile; fileRef = E4BB8EB0188612CF00EBB684 /* XCTest.framework */; };
		E4BB8EB2188612CF00EBB684 /* Foundation.framework in Frameworks */ = {isa = PBXBuildFile; fileRef = E4BB8E91188612CF00EBB684 /* Foundation.framework */; };
		E4BB8EB3188612CF00EBB684 /* UIKit.framework in Frameworks */ = {isa = PBXBuildFile; fileRef = E4BB8E95188612CF00EBB684 /* UIKit.framework */; };
		E4BB8EBB188612CF00EBB684 /* InfoPlist.strings in Resources */ = {isa = PBXBuildFile; fileRef = E4BB8EB9188612CF00EBB684 /* InfoPlist.strings */; };
		E4BB8EBD188612CF00EBB684 /* HelloWorldTests.m in Sources */ = {isa = PBXBuildFile; fileRef = E4BB8EBC188612CF00EBB684 /* HelloWorldTests.m */; };
/* End PBXBuildFile section */

/* Begin PBXContainerItemProxy section */
		E4BB8EB4188612CF00EBB684 /* PBXContainerItemProxy */ = {
			isa = PBXContainerItemProxy;
			containerPortal = E4BB8E86188612CF00EBB684 /* Project object */;
			proxyType = 1;
			remoteGlobalIDString = E4BB8E8D188612CF00EBB684;
			remoteInfo = HelloWorld;
		};
/* End PBXContainerItemProxy section */

/* Begin PBXFileReference section */
		E4BB8E8E188612CF00EBB684 /* HelloWorld.app */ = {isa = PBXFileReference; explicitFileType = wrapper.application; includeInIndex = 0; path = HelloWorld.app; sourceTree = BUILT_PRODUCTS_DIR; };
		E4BB8E91188612CF00EBB684 /* Foundation.framework */ = {isa = PBXFileReference; lastKnownFileType = wrapper.framework; name = Foundation.framework; path = System/Library/Frameworks/Foundation.framework; sourceTree = SDKROOT; };
		E4BB8E93188612CF00EBB684 /* CoreGraphics.framework */ = {isa = PBXFileReference; lastKnownFileType = wrapper.framework; name = CoreGraphics.framework; path = System/Library/Frameworks/CoreGraphics.framework; sourceTree = SDKROOT; };
		E4BB8E95188612CF00EBB684 /* UIKit.framework */ = {isa = PBXFileReference; lastKnownFileType = wrapper.framework; name = UIKit.framework; path = System/Library/Frameworks/UIKit.framework; sourceTree = SDKROOT; };
		E4BB8E99188612CF00EBB684 /* HelloWorld-Info.plist */ = {isa = PBXFileReference; lastKnownFileType = text.plist.xml; path = "HelloWorld-Info.plist"; sourceTree = "<group>"; };
		E4BB8E9B188612CF00EBB684 /* en */ = {isa = PBXFileReference; lastKnownFileType = text.plist.strings; name = en; path = en.lproj/InfoPlist.strings; sourceTree = "<group>"; };
		E4BB8E9D188612CF00EBB684 /* main.m */ = {isa = PBXFileReference; lastKnownFileType = sourcecode.c.objc; path = main.m; sourceTree = "<group>"; };
		E4BB8E9F188612CF00EBB684 /* HelloWorld-Prefix.pch */ = {isa = PBXFileReference; lastKnownFileType = sourcecode.c.h; path = "HelloWorld-Prefix.pch"; sourceTree = "<group>"; };
		E4BB8EA0188612CF00EBB684 /* HelloWorldAppDelegate.h */ = {isa = PBXFileReference; lastKnownFileType = sourcecode.c.h; path = HelloWorldAppDelegate.h; sourceTree = "<group>"; };
		E4BB8EA1188612CF00EBB684 /* HelloWorldAppDelegate.m */ = {isa = PBXFileReference; lastKnownFileType = sourcecode.c.objc; path = HelloWorldAppDelegate.m; sourceTree = "<group>"; };
		E4BB8EA4188612CF00EBB684 /* Base */ = {isa = PBXFileReference; lastKnownFileType = file.storyboard; name = Base; path = Base.lproj/Main.storyboard; sourceTree = "<group>"; };
		E4BB8EA6188612CF00EBB684 /* HelloWorldViewController.h */ = {isa = PBXFileReference; lastKnownFileType = sourcecode.c.h; path = HelloWorldViewController.h; sourceTree = "<group>"; };
		E4BB8EA7188612CF00EBB684 /* HelloWorldViewController.m */ = {isa = PBXFileReference; lastKnownFileType = sourcecode.c.objc; path = HelloWorldViewController.m; sourceTree = "<group>"; };
		E4BB8EA9188612CF00EBB684 /* Images.xcassets */ = {isa = PBXFileReference; lastKnownFileType = folder.assetcatalog; path = Images.xcassets; sourceTree = "<group>"; };
		E4BB8EAF188612CF00EBB684 /* HelloWorldTests.xctest */ = {isa = PBXFileReference; explicitFileType = wrapper.cfbundle; includeInIndex = 0; path = HelloWorldTests.xctest; sourceTree = BUILT_PRODUCTS_DIR; };
		E4BB8EB0188612CF00EBB684 /* XCTest.framework */ = {isa = PBXFileReference; lastKnownFileType = wrapper.framework; name = XCTest.framework; path = Library/Frameworks/XCTest.framework; sourceTree = DEVELOPER_DIR; };
		E4BB8EB8188612CF00EBB684 /* HelloWorldTests-Info.plist */ = {isa = PBXFileReference; lastKnownFileType = text.plist.xml; path = "HelloWorldTests-Info.plist"; sourceTree = "<group>"; };
		E4BB8EBA188612CF00EBB684 /* en */ = {isa = PBXFileReference; lastKnownFileType = text.plist.strings; name = en; path = en.lproj/InfoPlist.strings; sourceTree = "<group>"; };
		E4BB8EBC188612CF00EBB684 /* HelloWorldTests.m */ = {isa = PBXFileReference; lastKnownFileType = sourcecode.c.objc; path = HelloWorldTests.m; sourceTree = "<group>"; };
/* End PBXFileReference section */

/* Begin PBXFrameworksBuildPhase section */
		E4BB8E8B188612CF00EBB684 /* Frameworks */ = {
			isa = PBXFrameworksBuildPhase;
			buildActionMask = 2147483647;
			files = (
				E4BB8E94188612CF00EBB684 /* CoreGraphics.framework in Frameworks */,
				E4BB8E96188612CF00EBB684 /* UIKit.framework in Frameworks */,
				E4BB8E92188612CF00EBB684 /* Foundation.framework in Frameworks */,
			);
			runOnlyForDeploymentPostprocessing = 0;
		};
		E4BB8EAC188612CF00EBB684 /* Frameworks */ = {
			isa = PBXFrameworksBuildPhase;
			buildActionMask = 2147483647;
			files = (
				E4BB8EB1188612CF00EBB684 /* XCTest.framework in Frameworks */,
				E4BB8EB3188612CF00EBB684 /* UIKit.framework in Frameworks */,
				E4BB8EB2188612CF00EBB684 /* Foundation.framework in Frameworks */,
			);
			runOnlyForDeploymentPostprocessing = 0;
		};
/* End PBXFrameworksBuildPhase section */

/* Begin PBXGroup section */
		E4BB8E85188612CF00EBB684 = {
			isa = PBXGroup;
			children = (
				E4BB8E97188612CF00EBB684 /* HelloWorld */,
				E4BB8EB6188612CF00EBB684 /* HelloWorldTests */,
				E4BB8E90188612CF00EBB684 /* Frameworks */,
				E4BB8E8F188612CF00EBB684 /* Products */,
			);
			sourceTree = "<group>";
		};
		E4BB8E8F188612CF00EBB684 /* Products */ = {
			isa = PBXGroup;
			children = (
				E4BB8E8E188612CF00EBB684 /* HelloWorld.app */,
				E4BB8EAF188612CF00EBB684 /* HelloWorldTests.xctest */,
			);
			name = Products;
			sourceTree = "<group>";
		};
		E4BB8E90188612CF00EBB684 /* Frameworks */ = {
			isa = PBXGroup;
			children = (
				E4BB8E91188612CF00EBB684 /* Foundation.framework */,
				E4BB8E93188612CF00EBB684 /* CoreGraphics.framework */,
				E4BB8E95188612CF00EBB684 /* UIKit.framework */,
				E4BB8EB0188612CF00EBB684 /* XCTest.framework */,
			);
			name = Frameworks;
			sourceTree = "<group>";
		};
		E4BB8E97188612CF00EBB684 /* HelloWorld */ = {
			isa = PBXGroup;
			children = (
				E4BB8EA0188612CF00EBB684 /* HelloWorldAppDelegate.h */,
				E4BB8EA1188612CF00EBB684 /* HelloWorldAppDelegate.m */,
				E4BB8EA3188612CF00EBB684 /* Main.storyboard */,
				E4BB8EA6188612CF00EBB684 /* HelloWorldViewController.h */,
				E4BB8EA7188612CF00EBB684 /* HelloWorldViewController.m */,
				E4BB8EA9188612CF00EBB684 /* Images.xcassets */,
				E4BB8E98188612CF00EBB684 /* Supporting Files */,
			);
			path = HelloWorld;
			sourceTree = "<group>";
		};
		E4BB8E98188612CF00EBB684 /* Supporting Files */ = {
			isa = PBXGroup;
			children = (
				E4BB8E99188612CF00EBB684 /* HelloWorld-Info.plist */,
				E4BB8E9A188612CF00EBB684 /* InfoPlist.strings */,
				E4BB8E9D188612CF00EBB684 /* main.m */,
				E4BB8E9F188612CF00EBB684 /* HelloWorld-Prefix.pch */,
			);
			name = "Supporting Files";
			sourceTree = "<group>";
		};
		E4BB8EB6188612CF00EBB684 /* HelloWorldTests */ = {
			isa = PBXGroup;
			children = (
				E4BB8EBC188612CF00EBB684 /* HelloWorldTests.m */,
				E4BB8EB7188612CF00EBB684 /* Supporting Files */,
			);
			path = HelloWorldTests;
			sourceTree = "<group>";
		};
		E4BB8EB7188612CF00EBB684 /* Supporting Files */ = {
			isa = PBXGroup;
			children = (
				E4BB8EB8188612CF00EBB684 /* HelloWorldTests-Info.plist */,
				E4BB8EB9188612CF00EBB684 /* InfoPlist.strings */,
			);
			name = "Supporting Files";
			sourceTree = "<group>";
		};
/* End PBXGroup section */

/* Begin PBXNativeTarget section */
		E4BB8E8D188612CF00EBB684 /* HelloWorld */ = {
			isa = PBXNativeTarget;
			buildConfigurationList = E4BB8EC0188612CF00EBB684 /* Build configuration list for PBXNativeTarget "HelloWorld" */;
			buildPhases = (
				E4BB8E8A188612CF00EBB684 /* Sources */,
				E4BB8E8B188612CF00EBB684 /* Frameworks */,
				E4BB8E8C188612CF00EBB684 /* Resources */,
			);
			buildRules = (
			);
			dependencies = (
			);
			name = HelloWorld;
			productName = HelloWorld;
			productReference = E4BB8E8E188612CF00EBB684 /* HelloWorld.app */;
			productType = "com.apple.product-type.application";
		};
		E4BB8EAE188612CF00EBB684 /* HelloWorldTests */ = {
			isa = PBXNativeTarget;
			buildConfigurationList = E4BB8EC3188612CF00EBB684 /* Build configuration list for PBXNativeTarget "HelloWorldTests" */;
			buildPhases = (
				E4BB8EAB188612CF00EBB684 /* Sources */,
				E4BB8EAC188612CF00EBB684 /* Frameworks */,
				E4BB8EAD188612CF00EBB684 /* Resources */,
			);
			buildRules = (
			);
			dependencies = (
				E4BB8EB5188612CF00EBB684 /* PBXTargetDependency */,
			);
			name = HelloWorldTests;
			productName = HelloWorldTests;
			productReference = E4BB8EAF188612CF00EBB684 /* HelloWorldTests.xctest */;
			productType = "com.apple.product-type.bundle.unit-test";
		};
/* End PBXNativeTarget section */

/* Begin PBXProject section */
		E4BB8E86188612CF00EBB684 /* Project object */ = {
			isa = PBXProject;
			attributes = {
				CLASSPREFIX = HelloWorld;
				LastUpgradeCheck = 0500;
				ORGANIZATIONNAME = edu.self;
				TargetAttributes = {
					E4BB8EAE188612CF00EBB684 = {
						TestTargetID = E4BB8E8D188612CF00EBB684;
					};
				};
			};
			buildConfigurationList = E4BB8E89188612CF00EBB684 /* Build configuration list for PBXProject "HelloWorld" */;
			compatibilityVersion = "Xcode 3.2";
			developmentRegion = English;
			hasScannedForEncodings = 0;
			knownRegions = (
				en,
				Base,
			);
			mainGroup = E4BB8E85188612CF00EBB684;
			productRefGroup = E4BB8E8F188612CF00EBB684 /* Products */;
			projectDirPath = "";
			projectRoot = "";
			targets = (
				E4BB8E8D188612CF00EBB684 /* HelloWorld */,
				E4BB8EAE188612CF00EBB684 /* HelloWorldTests */,
			);
		};
/* End PBXProject section */

/* Begin PBXResourcesBuildPhase section */
		E4BB8E8C188612CF00EBB684 /* Resources */ = {
			isa = PBXResourcesBuildPhase;
			buildActionMask = 2147483647;
			files = (
				E4BB8EAA188612CF00EBB684 /* Images.xcassets in Resources */,
				E4BB8E9C188612CF00EBB684 /* InfoPlist.strings in Resources */,
				E4BB8EA5188612CF00EBB684 /* Main.storyboard in Resources */,
			);
			runOnlyForDeploymentPostprocessing = 0;
		};
		E4BB8EAD188612CF00EBB684 /* Resources */ = {
			isa = PBXResourcesBuildPhase;
			buildActionMask = 2147483647;
			files = (
				E4BB8EBB188612CF00EBB684 /* InfoPlist.strings in Resources */,
			);
			runOnlyForDeploymentPostprocessing = 0;
		};
/* End PBXResourcesBuildPhase section */

/* Begin PBXSourcesBuildPhase section */
		E4BB8E8A188612CF00EBB684 /* Sources */ = {
			isa = PBXSourcesBuildPhase;
			buildActionMask = 2147483647;
			files = (
				E4BB8EA2188612CF00EBB684 /* HelloWorldAppDelegate.m in Sources */,
				E4BB8EA8188612CF00EBB684 /* HelloWorldViewController.m in Sources */,
				E4BB8E9E188612CF00EBB684 /* main.m in Sources */,
			);
			runOnlyForDeploymentPostprocessing = 0;
		};
		E4BB8EAB188612CF00EBB684 /* Sources */ = {
			isa = PBXSourcesBuildPhase;
			buildActionMask = 2147483647;
			files = (
				E4BB8EBD188612CF00EBB684 /* HelloWorldTests.m in Sources */,
			);
			runOnlyForDeploymentPostprocessing = 0;
		};
/* End PBXSourcesBuildPhase section */

/* Begin PBXTargetDependency section */
		E4BB8EB5188612CF00EBB684 /* PBXTargetDependency */ = {
			isa = PBXTargetDependency;
			target = E4BB8E8D188612CF00EBB684 /* HelloWorld */;
			targetProxy = E4BB8EB4188612CF00EBB684 /* PBXContainerItemProxy */;
		};
/* End PBXTargetDependency section */

/* Begin PBXVariantGroup section */
		E4BB8E9A188612CF00EBB684 /* InfoPlist.strings */ = {
			isa = PBXVariantGroup;
			children = (
				E4BB8E9B188612CF00EBB684 /* en */,
			);
			name = InfoPlist.strings;
			sourceTree = "<group>";
		};
		E4BB8EA3188612CF00EBB684 /* Main.storyboard */ = {
			isa = PBXVariantGroup;
			children = (
				E4BB8EA4188612CF00EBB684 /* Base */,
			);
			name = Main.storyboard;
			sourceTree = "<group>";
		};
		E4BB8EB9188612CF00EBB684 /* InfoPlist.strings */ = {
			isa = PBXVariantGroup;
			children = (
				E4BB8EBA188612CF00EBB684 /* en */,
			);
			name = InfoPlist.strings;
			sourceTree = "<group>";
		};
/* End PBXVariantGroup section */

/* Begin XCBuildConfiguration section */
		E4BB8EBE188612CF00EBB684 /* Debug */ = {
			isa = XCBuildConfiguration;
			buildSettings = {
				ALWAYS_SEARCH_USER_PATHS = NO;
				ARCHS = "$(ARCHS_STANDARD_INCLUDING_64_BIT)";
				CLANG_CXX_LANGUAGE_STANDARD = "gnu++0x";
				CLANG_CXX_LIBRARY = "libc++";
				CLANG_ENABLE_MODULES = YES;
				CLANG_ENABLE_OBJC_ARC = YES;
				CLANG_WARN_BOOL_CONVERSION = YES;
				CLANG_WARN_CONSTANT_CONVERSION = YES;
				CLANG_WARN_DIRECT_OBJC_ISA_USAGE = YES_ERROR;
				CLANG_WARN_EMPTY_BODY = YES;
				CLANG_WARN_ENUM_CONVERSION = YES;
				CLANG_WARN_INT_CONVERSION = YES;
				CLANG_WARN_OBJC_ROOT_CLASS = YES_ERROR;
				CLANG_WARN__DUPLICATE_METHOD_MATCH = YES;
				"CODE_SIGN_IDENTITY[sdk=iphoneos*]" = "iPhone Developer";
				COPY_PHASE_STRIP = NO;
				GCC_C_LANGUAGE_STANDARD = gnu99;
				GCC_DYNAMIC_NO_PIC = NO;
				GCC_OPTIMIZATION_LEVEL = 0;
				GCC_PREPROCESSOR_DEFINITIONS = (
					"DEBUG=1",
					"$(inherited)",
				);
				GCC_SYMBOLS_PRIVATE_EXTERN = NO;
				GCC_WARN_64_TO_32_BIT_CONVERSION = YES;
				GCC_WARN_ABOUT_RETURN_TYPE = YES_ERROR;
				GCC_WARN_UNDECLARED_SELECTOR = YES;
				GCC_WARN_UNINITIALIZED_AUTOS = YES;
				GCC_WARN_UNUSED_FUNCTION = YES;
				GCC_WARN_UNUSED_VARIABLE = YES;
				IPHONEOS_DEPLOYMENT_TARGET = 7.0;
				ONLY_ACTIVE_ARCH = YES;
				SDKROOT = iphoneos;
			};
			name = Debug;
		};
		E4BB8EBF188612CF00EBB684 /* Release */ = {
			isa = XCBuildConfiguration;
			buildSettings = {
				ALWAYS_SEARCH_USER_PATHS = NO;
				ARCHS = "$(ARCHS_STANDARD_INCLUDING_64_BIT)";
				CLANG_CXX_LANGUAGE_STANDARD = "gnu++0x";
				CLANG_CXX_LIBRARY = "libc++";
				CLANG_ENABLE_MODULES = YES;
				CLANG_ENABLE_OBJC_ARC = YES;
				CLANG_WARN_BOOL_CONVERSION = YES;
				CLANG_WARN_CONSTANT_CONVERSION = YES;
				CLANG_WARN_DIRECT_OBJC_ISA_USAGE = YES_ERROR;
				CLANG_WARN_EMPTY_BODY = YES;
				CLANG_WARN_ENUM_CONVERSION = YES;
				CLANG_WARN_INT_CONVERSION = YES;
				CLANG_WARN_OBJC_ROOT_CLASS = YES_ERROR;
				CLANG_WARN__DUPLICATE_METHOD_MATCH = YES;
				"CODE_SIGN_IDENTITY[sdk=iphoneos*]" = "iPhone Developer";
				COPY_PHASE_STRIP = YES;
				ENABLE_NS_ASSERTIONS = NO;
				GCC_C_LANGUAGE_STANDARD = gnu99;
				GCC_WARN_64_TO_32_BIT_CONVERSION = YES;
				GCC_WARN_ABOUT_RETURN_TYPE = YES_ERROR;
				GCC_WARN_UNDECLARED_SELECTOR = YES;
				GCC_WARN_UNINITIALIZED_AUTOS = YES;
				GCC_WARN_UNUSED_FUNCTION = YES;
				GCC_WARN_UNUSED_VARIABLE = YES;
				IPHONEOS_DEPLOYMENT_TARGET = 7.0;
				SDKROOT = iphoneos;
				VALIDATE_PRODUCT = YES;
			};
			name = Release;
		};
		E4BB8EC1188612CF00EBB684 /* Debug */ = {
			isa = XCBuildConfiguration;
			buildSettings = {
				ASSETCATALOG_COMPILER_APPICON_NAME = AppIcon;
				ASSETCATALOG_COMPILER_LAUNCHIMAGE_NAME = LaunchImage;
				GCC_PRECOMPILE_PREFIX_HEADER = YES;
				GCC_PREFIX_HEADER = "HelloWorld/HelloWorld-Prefix.pch";
				INFOPLIST_FILE = "HelloWorld/HelloWorld-Info.plist";
				PRODUCT_NAME = "$(TARGET_NAME)";
				WRAPPER_EXTENSION = app;
			};
			name = Debug;
		};
		E4BB8EC2188612CF00EBB684 /* Release */ = {
			isa = XCBuildConfiguration;
			buildSettings = {
				ASSETCATALOG_COMPILER_APPICON_NAME = AppIcon;
				ASSETCATALOG_COMPILER_LAUNCHIMAGE_NAME = LaunchImage;
				GCC_PRECOMPILE_PREFIX_HEADER = YES;
				GCC_PREFIX_HEADER = "HelloWorld/HelloWorld-Prefix.pch";
				INFOPLIST_FILE = "HelloWorld/HelloWorld-Info.plist";
				PRODUCT_NAME = "$(TARGET_NAME)";
				WRAPPER_EXTENSION = app;
			};
			name = Release;
		};
		E4BB8EC4188612CF00EBB684 /* Debug */ = {
			isa = XCBuildConfiguration;
			buildSettings = {
				ARCHS = "$(ARCHS_STANDARD_INCLUDING_64_BIT)";
				BUNDLE_LOADER = "$(BUILT_PRODUCTS_DIR)/HelloWorld.app/HelloWorld";
				FRAMEWORK_SEARCH_PATHS = (
					"$(SDKROOT)/Developer/Library/Frameworks",
					"$(inherited)",
					"$(DEVELOPER_FRAMEWORKS_DIR)",
				);
				GCC_PRECOMPILE_PREFIX_HEADER = YES;
				GCC_PREFIX_HEADER = "HelloWorld/HelloWorld-Prefix.pch";
				GCC_PREPROCESSOR_DEFINITIONS = (
					"DEBUG=1",
					"$(inherited)",
				);
				INFOPLIST_FILE = "HelloWorldTests/HelloWorldTests-Info.plist";
				PRODUCT_NAME = "$(TARGET_NAME)";
				TEST_HOST = "$(BUNDLE_LOADER)";
				WRAPPER_EXTENSION = xctest;
			};
			name = Debug;
		};
		E4BB8EC5188612CF00EBB684 /* Release */ = {
			isa = XCBuildConfiguration;
			buildSettings = {
				ARCHS = "$(ARCHS_STANDARD_INCLUDING_64_BIT)";
				BUNDLE_LOADER = "$(BUILT_PRODUCTS_DIR)/HelloWorld.app/HelloWorld";
				FRAMEWORK_SEARCH_PATHS = (
					"$(SDKROOT)/Developer/Library/Frameworks",
					"$(inherited)",
					"$(DEVELOPER_FRAMEWORKS_DIR)",
				);
				GCC_PRECOMPILE_PREFIX_HEADER = YES;
				GCC_PREFIX_HEADER = "HelloWorld/HelloWorld-Prefix.pch";
				INFOPLIST_FILE = "HelloWorldTests/HelloWorldTests-Info.plist";
				PRODUCT_NAME = "$(TARGET_NAME)";
				TEST_HOST = "$(BUNDLE_LOADER)";
				WRAPPER_EXTENSION = xctest;
			};
			name = Release;
		};
/* End XCBuildConfiguration section */

/* Begin XCConfigurationList section */
		E4BB8E89188612CF00EBB684 /* Build configuration list for PBXProject "HelloWorld" */ = {
			isa = XCConfigurationList;
			buildConfigurations = (
				E4BB8EBE188612CF00EBB684 /* Debug */,
				E4BB8EBF188612CF00EBB684 /* Release */,
			);
			defaultConfigurationIsVisible = 0;
			defaultConfigurationName = Release;
		};
		E4BB8EC0188612CF00EBB684 /* Build configuration list for PBXNativeTarget "HelloWorld" */ = {
			isa = XCConfigurationList;
			buildConfigurations = (
				E4BB8EC1188612CF00EBB684 /* Debug */,
				E4BB8EC2188612CF00EBB684 /* Release */,
			);
			defaultConfigurationIsVisible = 0;
		};
		E4BB8EC3188612CF00EBB684 /* Build configuration list for PBXNativeTarget "HelloWorldTests" */ = {
			isa = XCConfigurationList;
			buildConfigurations = (
				E4BB8EC4188612CF00EBB684 /* Debug */,
				E4BB8EC5188612CF00EBB684 /* Release */,
			);
			defaultConfigurationIsVisible = 0;
		};
/* End XCConfigurationList section */
	};
	rootObject = E4BB8E86188612CF00EBB684 /* Project object */;
}
