// !$*UTF8*$!
{
	archiveVersion = 1;
	classes = {
	};
	objectVersion = 46;
	objects = {

/* Begin PBXBuildFile section */
		E4B746DE18A88339001511E9 /* Foundation.framework in Frameworks */ = {isa = PBXBuildFile; fileRef = E4B746DD18A88339001511E9 /* Foundation.framework */; };
		E4B746E018A88339001511E9 /* CoreGraphics.framework in Frameworks */ = {isa = PBXBuildFile; fileRef = E4B746DF18A88339001511E9 /* CoreGraphics.framework */; };
		E4B746E218A88339001511E9 /* UIKit.framework in Frameworks */ = {isa = PBXBuildFile; fileRef = E4B746E118A88339001511E9 /* UIKit.framework */; };
		E4B746E818A88339001511E9 /* InfoPlist.strings in Resources */ = {isa = PBXBuildFile; fileRef = E4B746E618A88339001511E9 /* InfoPlist.strings */; };
		E4B746EA18A88339001511E9 /* main.m in Sources */ = {isa = PBXBuildFile; fileRef = E4B746E918A88339001511E9 /* main.m */; };
		E4B746EE18A88339001511E9 /* RJCAppDelegate.m in Sources */ = {isa = PBXBuildFile; fileRef = E4B746ED18A88339001511E9 /* RJCAppDelegate.m */; };
		E4B746F118A88339001511E9 /* Main.storyboard in Resources */ = {isa = PBXBuildFile; fileRef = E4B746EF18A88339001511E9 /* Main.storyboard */; };
		E4B746F418A88339001511E9 /* RJCViewController.m in Sources */ = {isa = PBXBuildFile; fileRef = E4B746F318A88339001511E9 /* RJCViewController.m */; };
		E4B746F618A88339001511E9 /* Images.xcassets in Resources */ = {isa = PBXBuildFile; fileRef = E4B746F518A88339001511E9 /* Images.xcassets */; };
		E4B746FD18A88339001511E9 /* XCTest.framework in Frameworks */ = {isa = PBXBuildFile; fileRef = E4B746FC18A88339001511E9 /* XCTest.framework */; };
		E4B746FE18A88339001511E9 /* Foundation.framework in Frameworks */ = {isa = PBXBuildFile; fileRef = E4B746DD18A88339001511E9 /* Foundation.framework */; };
		E4B746FF18A88339001511E9 /* UIKit.framework in Frameworks */ = {isa = PBXBuildFile; fileRef = E4B746E118A88339001511E9 /* UIKit.framework */; };
		E4B7470718A88339001511E9 /* InfoPlist.strings in Resources */ = {isa = PBXBuildFile; fileRef = E4B7470518A88339001511E9 /* InfoPlist.strings */; };
		E4B7470918A88339001511E9 /* Practical1Tests.m in Sources */ = {isa = PBXBuildFile; fileRef = E4B7470818A88339001511E9 /* Practical1Tests.m */; };
		E4B7471418A883FF001511E9 /* 153-guitar.png in Resources */ = {isa = PBXBuildFile; fileRef = E4B7471318A883FF001511E9 /* 153-guitar.png */; };
/* End PBXBuildFile section */

/* Begin PBXContainerItemProxy section */
		E4B7470018A88339001511E9 /* PBXContainerItemProxy */ = {
			isa = PBXContainerItemProxy;
			containerPortal = E4B746D218A88339001511E9 /* Project object */;
			proxyType = 1;
			remoteGlobalIDString = E4B746D918A88339001511E9;
			remoteInfo = Practical1;
		};
/* End PBXContainerItemProxy section */

/* Begin PBXFileReference section */
		E4B746DA18A88339001511E9 /* Practical1.app */ = {isa = PBXFileReference; explicitFileType = wrapper.application; includeInIndex = 0; path = Practical1.app; sourceTree = BUILT_PRODUCTS_DIR; };
		E4B746DD18A88339001511E9 /* Foundation.framework */ = {isa = PBXFileReference; lastKnownFileType = wrapper.framework; name = Foundation.framework; path = System/Library/Frameworks/Foundation.framework; sourceTree = SDKROOT; };
		E4B746DF18A88339001511E9 /* CoreGraphics.framework */ = {isa = PBXFileReference; lastKnownFileType = wrapper.framework; name = CoreGraphics.framework; path = System/Library/Frameworks/CoreGraphics.framework; sourceTree = SDKROOT; };
		E4B746E118A88339001511E9 /* UIKit.framework */ = {isa = PBXFileReference; lastKnownFileType = wrapper.framework; name = UIKit.framework; path = System/Library/Frameworks/UIKit.framework; sourceTree = SDKROOT; };
		E4B746E518A88339001511E9 /* Practical1-Info.plist */ = {isa = PBXFileReference; lastKnownFileType = text.plist.xml; path = "Practical1-Info.plist"; sourceTree = "<group>"; };
		E4B746E718A88339001511E9 /* en */ = {isa = PBXFileReference; lastKnownFileType = text.plist.strings; name = en; path = en.lproj/InfoPlist.strings; sourceTree = "<group>"; };
		E4B746E918A88339001511E9 /* main.m */ = {isa = PBXFileReference; lastKnownFileType = sourcecode.c.objc; path = main.m; sourceTree = "<group>"; };
		E4B746EB18A88339001511E9 /* Practical1-Prefix.pch */ = {isa = PBXFileReference; lastKnownFileType = sourcecode.c.h; path = "Practical1-Prefix.pch"; sourceTree = "<group>"; };
		E4B746EC18A88339001511E9 /* RJCAppDelegate.h */ = {isa = PBXFileReference; lastKnownFileType = sourcecode.c.h; path = RJCAppDelegate.h; sourceTree = "<group>"; };
		E4B746ED18A88339001511E9 /* RJCAppDelegate.m */ = {isa = PBXFileReference; lastKnownFileType = sourcecode.c.objc; path = RJCAppDelegate.m; sourceTree = "<group>"; };
		E4B746F018A88339001511E9 /* Base */ = {isa = PBXFileReference; lastKnownFileType = file.storyboard; name = Base; path = Base.lproj/Main.storyboard; sourceTree = "<group>"; };
		E4B746F218A88339001511E9 /* RJCViewController.h */ = {isa = PBXFileReference; lastKnownFileType = sourcecode.c.h; path = RJCViewController.h; sourceTree = "<group>"; };
		E4B746F318A88339001511E9 /* RJCViewController.m */ = {isa = PBXFileReference; lastKnownFileType = sourcecode.c.objc; path = RJCViewController.m; sourceTree = "<group>"; };
		E4B746F518A88339001511E9 /* Images.xcassets */ = {isa = PBXFileReference; lastKnownFileType = folder.assetcatalog; path = Images.xcassets; sourceTree = "<group>"; };
		E4B746FB18A88339001511E9 /* Practical1Tests.xctest */ = {isa = PBXFileReference; explicitFileType = wrapper.cfbundle; includeInIndex = 0; path = Practical1Tests.xctest; sourceTree = BUILT_PRODUCTS_DIR; };
		E4B746FC18A88339001511E9 /* XCTest.framework */ = {isa = PBXFileReference; lastKnownFileType = wrapper.framework; name = XCTest.framework; path = Library/Frameworks/XCTest.framework; sourceTree = DEVELOPER_DIR; };
		E4B7470418A88339001511E9 /* Practical1Tests-Info.plist */ = {isa = PBXFileReference; lastKnownFileType = text.plist.xml; path = "Practical1Tests-Info.plist"; sourceTree = "<group>"; };
		E4B7470618A88339001511E9 /* en */ = {isa = PBXFileReference; lastKnownFileType = text.plist.strings; name = en; path = en.lproj/InfoPlist.strings; sourceTree = "<group>"; };
		E4B7470818A88339001511E9 /* Practical1Tests.m */ = {isa = PBXFileReference; lastKnownFileType = sourcecode.c.objc; path = Practical1Tests.m; sourceTree = "<group>"; };
		E4B7471318A883FF001511E9 /* 153-guitar.png */ = {isa = PBXFileReference; lastKnownFileType = image.png; path = "153-guitar.png"; sourceTree = "<group>"; };
/* End PBXFileReference section */

/* Begin PBXFrameworksBuildPhase section */
		E4B746D718A88339001511E9 /* Frameworks */ = {
			isa = PBXFrameworksBuildPhase;
			buildActionMask = 2147483647;
			files = (
				E4B746E018A88339001511E9 /* CoreGraphics.framework in Frameworks */,
				E4B746E218A88339001511E9 /* UIKit.framework in Frameworks */,
				E4B746DE18A88339001511E9 /* Foundation.framework in Frameworks */,
			);
			runOnlyForDeploymentPostprocessing = 0;
		};
		E4B746F818A88339001511E9 /* Frameworks */ = {
			isa = PBXFrameworksBuildPhase;
			buildActionMask = 2147483647;
			files = (
				E4B746FD18A88339001511E9 /* XCTest.framework in Frameworks */,
				E4B746FF18A88339001511E9 /* UIKit.framework in Frameworks */,
				E4B746FE18A88339001511E9 /* Foundation.framework in Frameworks */,
			);
			runOnlyForDeploymentPostprocessing = 0;
		};
/* End PBXFrameworksBuildPhase section */

/* Begin PBXGroup section */
		E4B746D118A88339001511E9 = {
			isa = PBXGroup;
			children = (
				E4B746E318A88339001511E9 /* Practical1 */,
				E4B7470218A88339001511E9 /* Practical1Tests */,
				E4B746DC18A88339001511E9 /* Frameworks */,
				E4B746DB18A88339001511E9 /* Products */,
			);
			sourceTree = "<group>";
		};
		E4B746DB18A88339001511E9 /* Products */ = {
			isa = PBXGroup;
			children = (
				E4B746DA18A88339001511E9 /* Practical1.app */,
				E4B746FB18A88339001511E9 /* Practical1Tests.xctest */,
			);
			name = Products;
			sourceTree = "<group>";
		};
		E4B746DC18A88339001511E9 /* Frameworks */ = {
			isa = PBXGroup;
			children = (
				E4B746DD18A88339001511E9 /* Foundation.framework */,
				E4B746DF18A88339001511E9 /* CoreGraphics.framework */,
				E4B746E118A88339001511E9 /* UIKit.framework */,
				E4B746FC18A88339001511E9 /* XCTest.framework */,
			);
			name = Frameworks;
			sourceTree = "<group>";
		};
		E4B746E318A88339001511E9 /* Practical1 */ = {
			isa = PBXGroup;
			children = (
				E4B7471218A8835E001511E9 /* Images */,
				E4B746EC18A88339001511E9 /* RJCAppDelegate.h */,
				E4B746ED18A88339001511E9 /* RJCAppDelegate.m */,
				E4B746EF18A88339001511E9 /* Main.storyboard */,
				E4B746F218A88339001511E9 /* RJCViewController.h */,
				E4B746F318A88339001511E9 /* RJCViewController.m */,
				E4B746F518A88339001511E9 /* Images.xcassets */,
				E4B746E418A88339001511E9 /* Supporting Files */,
			);
			path = Practical1;
			sourceTree = "<group>";
		};
		E4B746E418A88339001511E9 /* Supporting Files */ = {
			isa = PBXGroup;
			children = (
				E4B746E518A88339001511E9 /* Practical1-Info.plist */,
				E4B746E618A88339001511E9 /* InfoPlist.strings */,
				E4B746E918A88339001511E9 /* main.m */,
				E4B746EB18A88339001511E9 /* Practical1-Prefix.pch */,
			);
			name = "Supporting Files";
			sourceTree = "<group>";
		};
		E4B7470218A88339001511E9 /* Practical1Tests */ = {
			isa = PBXGroup;
			children = (
				E4B7470818A88339001511E9 /* Practical1Tests.m */,
				E4B7470318A88339001511E9 /* Supporting Files */,
			);
			path = Practical1Tests;
			sourceTree = "<group>";
		};
		E4B7470318A88339001511E9 /* Supporting Files */ = {
			isa = PBXGroup;
			children = (
				E4B7470418A88339001511E9 /* Practical1Tests-Info.plist */,
				E4B7470518A88339001511E9 /* InfoPlist.strings */,
			);
			name = "Supporting Files";
			sourceTree = "<group>";
		};
		E4B7471218A8835E001511E9 /* Images */ = {
			isa = PBXGroup;
			children = (
				E4B7471318A883FF001511E9 /* 153-guitar.png */,
			);
			name = Images;
			sourceTree = "<group>";
		};
/* End PBXGroup section */

/* Begin PBXNativeTarget section */
		E4B746D918A88339001511E9 /* Practical1 */ = {
			isa = PBXNativeTarget;
			buildConfigurationList = E4B7470C18A88339001511E9 /* Build configuration list for PBXNativeTarget "Practical1" */;
			buildPhases = (
				E4B746D618A88339001511E9 /* Sources */,
				E4B746D718A88339001511E9 /* Frameworks */,
				E4B746D818A88339001511E9 /* Resources */,
			);
			buildRules = (
			);
			dependencies = (
			);
			name = Practical1;
			productName = Practical1;
			productReference = E4B746DA18A88339001511E9 /* Practical1.app */;
			productType = "com.apple.product-type.application";
		};
		E4B746FA18A88339001511E9 /* Practical1Tests */ = {
			isa = PBXNativeTarget;
			buildConfigurationList = E4B7470F18A88339001511E9 /* Build configuration list for PBXNativeTarget "Practical1Tests" */;
			buildPhases = (
				E4B746F718A88339001511E9 /* Sources */,
				E4B746F818A88339001511E9 /* Frameworks */,
				E4B746F918A88339001511E9 /* Resources */,
			);
			buildRules = (
			);
			dependencies = (
				E4B7470118A88339001511E9 /* PBXTargetDependency */,
			);
			name = Practical1Tests;
			productName = Practical1Tests;
			productReference = E4B746FB18A88339001511E9 /* Practical1Tests.xctest */;
			productType = "com.apple.product-type.bundle.unit-test";
		};
/* End PBXNativeTarget section */

/* Begin PBXProject section */
		E4B746D218A88339001511E9 /* Project object */ = {
			isa = PBXProject;
			attributes = {
				CLASSPREFIX = RJC;
				LastUpgradeCheck = 0500;
				ORGANIZATIONNAME = "Ron Cavil";
				TargetAttributes = {
					E4B746FA18A88339001511E9 = {
						TestTargetID = E4B746D918A88339001511E9;
					};
				};
			};
			buildConfigurationList = E4B746D518A88339001511E9 /* Build configuration list for PBXProject "Practical1" */;
			compatibilityVersion = "Xcode 3.2";
			developmentRegion = English;
			hasScannedForEncodings = 0;
			knownRegions = (
				en,
				Base,
			);
			mainGroup = E4B746D118A88339001511E9;
			productRefGroup = E4B746DB18A88339001511E9 /* Products */;
			projectDirPath = "";
			projectRoot = "";
			targets = (
				E4B746D918A88339001511E9 /* Practical1 */,
				E4B746FA18A88339001511E9 /* Practical1Tests */,
			);
		};
/* End PBXProject section */

/* Begin PBXResourcesBuildPhase section */
		E4B746D818A88339001511E9 /* Resources */ = {
			isa = PBXResourcesBuildPhase;
			buildActionMask = 2147483647;
			files = (
				E4B746F618A88339001511E9 /* Images.xcassets in Resources */,
				E4B746E818A88339001511E9 /* InfoPlist.strings in Resources */,
				E4B746F118A88339001511E9 /* Main.storyboard in Resources */,
				E4B7471418A883FF001511E9 /* 153-guitar.png in Resources */,
			);
			runOnlyForDeploymentPostprocessing = 0;
		};
		E4B746F918A88339001511E9 /* Resources */ = {
			isa = PBXResourcesBuildPhase;
			buildActionMask = 2147483647;
			files = (
				E4B7470718A88339001511E9 /* InfoPlist.strings in Resources */,
			);
			runOnlyForDeploymentPostprocessing = 0;
		};
/* End PBXResourcesBuildPhase section */

/* Begin PBXSourcesBuildPhase section */
		E4B746D618A88339001511E9 /* Sources */ = {
			isa = PBXSourcesBuildPhase;
			buildActionMask = 2147483647;
			files = (
				E4B746EE18A88339001511E9 /* RJCAppDelegate.m in Sources */,
				E4B746EA18A88339001511E9 /* main.m in Sources */,
				E4B746F418A88339001511E9 /* RJCViewController.m in Sources */,
			);
			runOnlyForDeploymentPostprocessing = 0;
		};
		E4B746F718A88339001511E9 /* Sources */ = {
			isa = PBXSourcesBuildPhase;
			buildActionMask = 2147483647;
			files = (
				E4B7470918A88339001511E9 /* Practical1Tests.m in Sources */,
			);
			runOnlyForDeploymentPostprocessing = 0;
		};
/* End PBXSourcesBuildPhase section */

/* Begin PBXTargetDependency section */
		E4B7470118A88339001511E9 /* PBXTargetDependency */ = {
			isa = PBXTargetDependency;
			target = E4B746D918A88339001511E9 /* Practical1 */;
			targetProxy = E4B7470018A88339001511E9 /* PBXContainerItemProxy */;
		};
/* End PBXTargetDependency section */

/* Begin PBXVariantGroup section */
		E4B746E618A88339001511E9 /* InfoPlist.strings */ = {
			isa = PBXVariantGroup;
			children = (
				E4B746E718A88339001511E9 /* en */,
			);
			name = InfoPlist.strings;
			sourceTree = "<group>";
		};
		E4B746EF18A88339001511E9 /* Main.storyboard */ = {
			isa = PBXVariantGroup;
			children = (
				E4B746F018A88339001511E9 /* Base */,
			);
			name = Main.storyboard;
			sourceTree = "<group>";
		};
		E4B7470518A88339001511E9 /* InfoPlist.strings */ = {
			isa = PBXVariantGroup;
			children = (
				E4B7470618A88339001511E9 /* en */,
			);
			name = InfoPlist.strings;
			sourceTree = "<group>";
		};
/* End PBXVariantGroup section */

/* Begin XCBuildConfiguration section */
		E4B7470A18A88339001511E9 /* Debug */ = {
			isa = XCBuildConfiguration;
			buildSettings = {
				ALWAYS_SEARCH_USER_PATHS = NO;
				ARCHS = "$(ARCHS_STANDARD_INCLUDING_64_BIT)";
				CLANG_CXX_LANGUAGE_STANDARD = "gnu++0x";
				CLANG_CXX_LIBRARY = "libc++";
				CLANG_ENABLE_MODULES = YES;
				CLANG_ENABLE_OBJC_ARC = YES;
				CLANG_WARN_BOOL_CONVERSION = YES;
				CLANG_WARN_CONSTANT_CONVERSION = YES;
				CLANG_WARN_DIRECT_OBJC_ISA_USAGE = YES_ERROR;
				CLANG_WARN_EMPTY_BODY = YES;
				CLANG_WARN_ENUM_CONVERSION = YES;
				CLANG_WARN_INT_CONVERSION = YES;
				CLANG_WARN_OBJC_ROOT_CLASS = YES_ERROR;
				CLANG_WARN__DUPLICATE_METHOD_MATCH = YES;
				"CODE_SIGN_IDENTITY[sdk=iphoneos*]" = "iPhone Developer";
				COPY_PHASE_STRIP = NO;
				GCC_C_LANGUAGE_STANDARD = gnu99;
				GCC_DYNAMIC_NO_PIC = NO;
				GCC_OPTIMIZATION_LEVEL = 0;
				GCC_PREPROCESSOR_DEFINITIONS = (
					"DEBUG=1",
					"$(inherited)",
				);
				GCC_SYMBOLS_PRIVATE_EXTERN = NO;
				GCC_WARN_64_TO_32_BIT_CONVERSION = YES;
				GCC_WARN_ABOUT_RETURN_TYPE = YES_ERROR;
				GCC_WARN_UNDECLARED_SELECTOR = YES;
				GCC_WARN_UNINITIALIZED_AUTOS = YES;
				GCC_WARN_UNUSED_FUNCTION = YES;
				GCC_WARN_UNUSED_VARIABLE = YES;
				IPHONEOS_DEPLOYMENT_TARGET = 7.0;
				ONLY_ACTIVE_ARCH = YES;
				SDKROOT = iphoneos;
			};
			name = Debug;
		};
		E4B7470B18A88339001511E9 /* Release */ = {
			isa = XCBuildConfiguration;
			buildSettings = {
				ALWAYS_SEARCH_USER_PATHS = NO;
				ARCHS = "$(ARCHS_STANDARD_INCLUDING_64_BIT)";
				CLANG_CXX_LANGUAGE_STANDARD = "gnu++0x";
				CLANG_CXX_LIBRARY = "libc++";
				CLANG_ENABLE_MODULES = YES;
				CLANG_ENABLE_OBJC_ARC = YES;
				CLANG_WARN_BOOL_CONVERSION = YES;
				CLANG_WARN_CONSTANT_CONVERSION = YES;
				CLANG_WARN_DIRECT_OBJC_ISA_USAGE = YES_ERROR;
				CLANG_WARN_EMPTY_BODY = YES;
				CLANG_WARN_ENUM_CONVERSION = YES;
				CLANG_WARN_INT_CONVERSION = YES;
				CLANG_WARN_OBJC_ROOT_CLASS = YES_ERROR;
				CLANG_WARN__DUPLICATE_METHOD_MATCH = YES;
				"CODE_SIGN_IDENTITY[sdk=iphoneos*]" = "iPhone Developer";
				COPY_PHASE_STRIP = YES;
				ENABLE_NS_ASSERTIONS = NO;
				GCC_C_LANGUAGE_STANDARD = gnu99;
				GCC_WARN_64_TO_32_BIT_CONVERSION = YES;
				GCC_WARN_ABOUT_RETURN_TYPE = YES_ERROR;
				GCC_WARN_UNDECLARED_SELECTOR = YES;
				GCC_WARN_UNINITIALIZED_AUTOS = YES;
				GCC_WARN_UNUSED_FUNCTION = YES;
				GCC_WARN_UNUSED_VARIABLE = YES;
				IPHONEOS_DEPLOYMENT_TARGET = 7.0;
				SDKROOT = iphoneos;
				VALIDATE_PRODUCT = YES;
			};
			name = Release;
		};
		E4B7470D18A88339001511E9 /* Debug */ = {
			isa = XCBuildConfiguration;
			buildSettings = {
				ASSETCATALOG_COMPILER_APPICON_NAME = AppIcon;
				ASSETCATALOG_COMPILER_LAUNCHIMAGE_NAME = LaunchImage;
				GCC_PRECOMPILE_PREFIX_HEADER = YES;
				GCC_PREFIX_HEADER = "Practical1/Practical1-Prefix.pch";
				INFOPLIST_FILE = "Practical1/Practical1-Info.plist";
				PRODUCT_NAME = "$(TARGET_NAME)";
				WRAPPER_EXTENSION = app;
			};
			name = Debug;
		};
		E4B7470E18A88339001511E9 /* Release */ = {
			isa = XCBuildConfiguration;
			buildSettings = {
				ASSETCATALOG_COMPILER_APPICON_NAME = AppIcon;
				ASSETCATALOG_COMPILER_LAUNCHIMAGE_NAME = LaunchImage;
				GCC_PRECOMPILE_PREFIX_HEADER = YES;
				GCC_PREFIX_HEADER = "Practical1/Practical1-Prefix.pch";
				INFOPLIST_FILE = "Practical1/Practical1-Info.plist";
				PRODUCT_NAME = "$(TARGET_NAME)";
				WRAPPER_EXTENSION = app;
			};
			name = Release;
		};
		E4B7471018A88339001511E9 /* Debug */ = {
			isa = XCBuildConfiguration;
			buildSettings = {
				ARCHS = "$(ARCHS_STANDARD_INCLUDING_64_BIT)";
				BUNDLE_LOADER = "$(BUILT_PRODUCTS_DIR)/Practical1.app/Practical1";
				FRAMEWORK_SEARCH_PATHS = (
					"$(SDKROOT)/Developer/Library/Frameworks",
					"$(inherited)",
					"$(DEVELOPER_FRAMEWORKS_DIR)",
				);
				GCC_PRECOMPILE_PREFIX_HEADER = YES;
				GCC_PREFIX_HEADER = "Practical1/Practical1-Prefix.pch";
				GCC_PREPROCESSOR_DEFINITIONS = (
					"DEBUG=1",
					"$(inherited)",
				);
				INFOPLIST_FILE = "Practical1Tests/Practical1Tests-Info.plist";
				PRODUCT_NAME = "$(TARGET_NAME)";
				TEST_HOST = "$(BUNDLE_LOADER)";
				WRAPPER_EXTENSION = xctest;
			};
			name = Debug;
		};
		E4B7471118A88339001511E9 /* Release */ = {
			isa = XCBuildConfiguration;
			buildSettings = {
				ARCHS = "$(ARCHS_STANDARD_INCLUDING_64_BIT)";
				BUNDLE_LOADER = "$(BUILT_PRODUCTS_DIR)/Practical1.app/Practical1";
				FRAMEWORK_SEARCH_PATHS = (
					"$(SDKROOT)/Developer/Library/Frameworks",
					"$(inherited)",
					"$(DEVELOPER_FRAMEWORKS_DIR)",
				);
				GCC_PRECOMPILE_PREFIX_HEADER = YES;
				GCC_PREFIX_HEADER = "Practical1/Practical1-Prefix.pch";
				INFOPLIST_FILE = "Practical1Tests/Practical1Tests-Info.plist";
				PRODUCT_NAME = "$(TARGET_NAME)";
				TEST_HOST = "$(BUNDLE_LOADER)";
				WRAPPER_EXTENSION = xctest;
			};
			name = Release;
		};
/* End XCBuildConfiguration section */

/* Begin XCConfigurationList section */
		E4B746D518A88339001511E9 /* Build configuration list for PBXProject "Practical1" */ = {
			isa = XCConfigurationList;
			buildConfigurations = (
				E4B7470A18A88339001511E9 /* Debug */,
				E4B7470B18A88339001511E9 /* Release */,
			);
			defaultConfigurationIsVisible = 0;
			defaultConfigurationName = Release;
		};
		E4B7470C18A88339001511E9 /* Build configuration list for PBXNativeTarget "Practical1" */ = {
			isa = XCConfigurationList;
			buildConfigurations = (
				E4B7470D18A88339001511E9 /* Debug */,
				E4B7470E18A88339001511E9 /* Release */,
			);
			defaultConfigurationIsVisible = 0;
		};
		E4B7470F18A88339001511E9 /* Build configuration list for PBXNativeTarget "Practical1Tests" */ = {
			isa = XCConfigurationList;
			buildConfigurations = (
				E4B7471018A88339001511E9 /* Debug */,
				E4B7471118A88339001511E9 /* Release */,
			);
			defaultConfigurationIsVisible = 0;
		};
/* End XCConfigurationList section */
	};
	rootObject = E4B746D218A88339001511E9 /* Project object */;
}
